{
  "name": "planet",
  "version": "1.0.0",
  "lockfileVersion": 2,
  "requires": true,
  "packages": {
    "": {
      "name": "planet",
      "version": "1.0.0",
      "license": "ISC",
      "dependencies": {
        "flowbite": "^1.5.2",
        "gsap": "^3.10.4",
        "tle": "^3.0.0",
        "tle.js": "^3.1.0"
      }
    },
    "node_modules/@popperjs/core": {
      "version": "2.11.6",
      "resolved": "https://registry.npmjs.org/@popperjs/core/-/core-2.11.6.tgz",
      "integrity": "sha512-50/17A98tWUfQ176raKiOGXuYpLyyVMkxxG6oylzL3BPOlA6ADGdK7EYunSa4I064xerltq9TGXs8HmOk5E+vw==",
      "funding": {
        "type": "opencollective",
        "url": "https://opencollective.com/popperjs"
      }
    },
    "node_modules/flowbite": {
      "version": "1.5.2",
      "resolved": "https://registry.npmjs.org/flowbite/-/flowbite-1.5.2.tgz",
      "integrity": "sha512-oSKhPkg0bYb4dZG4ypSh++dPrFM3IOSER6HOwJHYRFPW5u9PXL4AQFMQh7Kytgws2xrDQyl/zqefZmymeWt2IA==",
      "dependencies": {
        "@popperjs/core": "^2.9.3",
        "mini-svg-data-uri": "^1.4.3"
      }
    },
    "node_modules/gsap": {
      "version": "3.10.4",
      "resolved": "https://registry.npmjs.org/gsap/-/gsap-3.10.4.tgz",
      "integrity": "sha512-6QatdkKxXCMfvCW4rM++0RqyLQAzFX5nwl3yHS0XPgkZBkiSEY3VZVbMltrdtsbER/xZonLtyHt684wRp4erlQ=="
    },
    "node_modules/mini-svg-data-uri": {
      "version": "1.4.4",
      "resolved": "https://registry.npmjs.org/mini-svg-data-uri/-/mini-svg-data-uri-1.4.4.tgz",
      "integrity": "sha512-r9deDe9p5FJUPZAk3A59wGH7Ii9YrjjWw0jmw/liSbHl2CHiyXj6FcDXDu2K3TjVAXqiJdaw3xxwlZZr9E6nHg==",
      "bin": {
        "mini-svg-data-uri": "cli.js"
      }
    },
    "node_modules/satellite.js": {
      "version": "3.0.1",
      "resolved": "https://registry.npmjs.org/satellite.js/-/satellite.js-3.0.1.tgz",
      "integrity": "sha512-6oXEOHM3thTZvYh5OzEtXDuJGC9bBLVGVXA0KO1iuF1vlQP7TXHbxFalyVsHOfBWsZY6pfjjCiIAMnFG0sbmEA=="
    },
    "node_modules/tle": {
      "version": "3.0.0",
      "resolved": "https://registry.npmjs.org/tle/-/tle-3.0.0.tgz",
      "integrity": "sha512-Zv/fLPzOUnpw5lVtS2wdar25xtlrs55+hKTWijaiHD+I8MzK9EREsZRqpdlyDEm1KAk2yJXNDEwQIwLJGZeEkQ=="
    },
    "node_modules/tle.js": {
      "version": "3.1.0",
      "resolved": "https://registry.npmjs.org/tle.js/-/tle.js-3.1.0.tgz",
      "integrity": "sha512-PdaGIFsJo2q61FZMxG47yVfQsSywPofCKqEYCmfpaSX2QXnTldUsAy5uPBpvM2PgqG/7JtWNlOBaFrHHGnRvOg==",
      "dependencies": {
        "satellite.js": "^3.0.0"
      },
      "engines": {
        "node": ">=12"
      }
    }
  },
  "dependencies": {
    "@popperjs/core": {
      "version": "2.11.6",
      "resolved": "https://registry.npmjs.org/@popperjs/core/-/core-2.11.6.tgz",
      "integrity": "sha512-50/17A98tWUfQ176raKiOGXuYpLyyVMkxxG6oylzL3BPOlA6ADGdK7EYunSa4I064xerltq9TGXs8HmOk5E+vw=="
    },
    "flowbite": {
      "version": "1.5.2",
      "resolved": "https://registry.npmjs.org/flowbite/-/flowbite-1.5.2.tgz",
      "integrity": "sha512-oSKhPkg0bYb4dZG4ypSh++dPrFM3IOSER6HOwJHYRFPW5u9PXL4AQFMQh7Kytgws2xrDQyl/zqefZmymeWt2IA==",
      "requires": {
        "@popperjs/core": "^2.9.3",
        "mini-svg-data-uri": "^1.4.3"
      }
    },
    "gsap": {
      "version": "3.10.4",
      "resolved": "https://registry.npmjs.org/gsap/-/gsap-3.10.4.tgz",
      "integrity": "sha512-6QatdkKxXCMfvCW4rM++0RqyLQAzFX5nwl3yHS0XPgkZBkiSEY3VZVbMltrdtsbER/xZonLtyHt684wRp4erlQ=="
    },
    "mini-svg-data-uri": {
      "version": "1.4.4",
      "resolved": "https://registry.npmjs.org/mini-svg-data-uri/-/mini-svg-data-uri-1.4.4.tgz",
      "integrity": "sha512-r9deDe9p5FJUPZAk3A59wGH7Ii9YrjjWw0jmw/liSbHl2CHiyXj6FcDXDu2K3TjVAXqiJdaw3xxwlZZr9E6nHg=="
    },
    "satellite.js": {
      "version": "3.0.1",
      "resolved": "https://registry.npmjs.org/satellite.js/-/satellite.js-3.0.1.tgz",
      "integrity": "sha512-6oXEOHM3thTZvYh5OzEtXDuJGC9bBLVGVXA0KO1iuF1vlQP7TXHbxFalyVsHOfBWsZY6pfjjCiIAMnFG0sbmEA=="
    },
    "tle": {
      "version": "3.0.0",
      "resolved": "https://registry.npmjs.org/tle/-/tle-3.0.0.tgz",
      "integrity": "sha512-Zv/fLPzOUnpw5lVtS2wdar25xtlrs55+hKTWijaiHD+I8MzK9EREsZRqpdlyDEm1KAk2yJXNDEwQIwLJGZeEkQ=="
    },
    "tle.js": {
      "version": "3.1.0",
      "resolved": "https://registry.npmjs.org/tle.js/-/tle.js-3.1.0.tgz",
      "integrity": "sha512-PdaGIFsJo2q61FZMxG47yVfQsSywPofCKqEYCmfpaSX2QXnTldUsAy5uPBpvM2PgqG/7JtWNlOBaFrHHGnRvOg==",
      "requires": {
        "satellite.js": "^3.0.0"
      }
    }
  }
}
